PODS:
  - ANDistributedFlowLayout (1.0.1)
  - KTCategories (0.0.6)

DEPENDENCIES:
  - ANDistributedFlowLayout (from `..`)
  - KTCategories (from `https://github.com/keighl/KTCategories.git`)

EXTERNAL SOURCES:
  ANDistributedFlowLayout:
    :path: ".."
  KTCategories:
    :git: https://github.com/keighl/KTCategories.git

CHECKOUT OPTIONS:
  KTCategories:
    :commit: 3d6188b5486520c686129e552eaf06c4d87aa5bb
    :git: https://github.com/keighl/KTCategories.git

SPEC CHECKSUMS:
  ANDistributedFlowLayout: c8bb113f56ced250fe62e6fa9c792753edd67bee
  KTCategories: 7241992b9e90a26ffbba2d96a66deee4332d10c4

COCOAPODS: 0.38.2
